
Microsoft Visual Studio Solution File, Format Version 12.00
Project("{FAE04EC0-301F-11D3-BF4B-00C04F79EFBC}") = "WebApplication1", "WebApplication1\WebApplication1.csproj", "{BD5A2935-D89A-4D64-8C70-EE356C9D05D8}"
EndProject
Global
	GlobalSection(SolutionConfigurationPlatforms) = preSolution
		Debug|Any CPU = Debug|Any CPU
		Release|Any CPU = Release|Any CPU
	EndGlobalSection
	GlobalSection(ProjectConfigurationPlatforms) = postSolution
		{BD5A2935-D89A-4D64-8C70-EE356C9D05D8}.Debug|Any CPU.ActiveCfg = Debug|Any CPU
		{BD5A2935-D89A-4D64-8C70-EE356C9D05D8}.Debug|Any CPU.Build.0 = Debug|Any CPU
		{BD5A2935-D89A-4D64-8C70-EE356C9D05D8}.Release|Any CPU.ActiveCfg = Release|Any CPU
		{BD5A2935-D89A-4D64-8C70-EE356C9D05D8}.Release|Any CPU.Build.0 = Release|Any CPU
	EndGlobalSection
EndGlobal
